
Microsoft Visual Studio Solution File, Format Version 12.00
# Visual Studio Version 17
VisualStudioVersion = 17.7.33927.210
MinimumVisualStudioVersion = 10.0.40219.1
Project("{9A19103F-16F7-4668-BE54-9A1E7A4F7556}") = "KEForms", "KEForms.csproj", "{EE6AB4A0-2FE9-45EE-8A93-88D3D639DE32}"
EndProject
Global
	GlobalSection(SolutionConfigurationPlatforms) = preSolution
		Debug|Any CPU = Debug|Any CPU
		Release|Any CPU = Release|Any CPU
	EndGlobalSection
	GlobalSection(ProjectConfigurationPlatforms) = postSolution
		{EE6AB4A0-2FE9-45EE-8A93-88D3D639DE32}.Debug|Any CPU.ActiveCfg = Debug|Any CPU
		{EE6AB4A0-2FE9-45EE-8A93-88D3D639DE32}.Debug|Any CPU.Build.0 = Debug|Any CPU
		{EE6AB4A0-2FE9-45EE-8A93-88D3D639DE32}.Release|Any CPU.ActiveCfg = Release|Any CPU
		{EE6AB4A0-2FE9-45EE-8A93-88D3D639DE32}.Release|Any CPU.Build.0 = Release|Any CPU
	EndGlobalSection
	GlobalSection(SolutionProperties) = preSolution
		HideSolutionNode = FALSE
	EndGlobalSection
	GlobalSection(ExtensibilityGlobals) = postSolution
		SolutionGuid = {44940F0A-5D74-4A10-BD7A-F2BF83AFA371}
	EndGlobalSection
EndGlobal
